PODS:
  - AMProgressHUD (1.0.0)
  - LanguageManager-iOS (1.2.5)
  - Nimble (10.0.0)
  - Quick (5.0.1)
  - SDWebImage (5.13.2):
    - SDWebImage/Core (= 5.13.2)
  - SDWebImage/Core (5.13.2)
  - SwiftLint (0.49.1)

DEPENDENCIES:
  - AMProgressHUD
  - LanguageManager-iOS
  - Nimble
  - Quick
  - SDWebImage
  - SwiftLint

SPEC REPOS:
  trunk:
    - AMProgressHUD
    - LanguageManager-iOS
    - Nimble
    - Quick
    - SDWebImage
    - SwiftLint

SPEC CHECKSUMS:
  AMProgressHUD: 579420e7e702e38675a066654c5ca77a54ca6e46
  LanguageManager-iOS: 049345fe4d1c5fbe22af93d438540917f4936359
  Nimble: 5316ef81a170ce87baf72dd961f22f89a602ff84
  Quick: 749aa754fd1e7d984f2000fe051e18a3a9809179
  SDWebImage: 72f86271a6f3139cc7e4a89220946489d4b9a866
  SwiftLint: 32ee33ded0636d0905ef6911b2b67bbaeeedafa5

PODFILE CHECKSUM: 51a7e93075f20109352b2f81443b8659894c91a6

COCOAPODS: 1.11.2
