// !$*UTF8*$!
{
	archiveVersion = 1;
	classes = {
	};
	objectVersion = 51;
	objects = {

/* Begin PBXBuildFile section */
		34DE74812042A3EAD49FF9D5 /* Pods_NewsAppTests.framework in Frameworks */ = {isa = PBXBuildFile; fileRef = 7182653FEAF24369D4EF606D /* Pods_NewsAppTests.framework */; };
		73B9171F21DEED202A233C10 /* Pods_SharedTests.framework in Frameworks */ = {isa = PBXBuildFile; fileRef = 8C7B06FB880A9DB6720CAF79 /* Pods_SharedTests.framework */; };
		B469707ABF01352624414FFF /* Pods_Shared.framework in Frameworks */ = {isa = PBXBuildFile; fileRef = 3AFC973D85DD9BDE178679B3 /* Pods_Shared.framework */; };
		C6497E6522B6751E000D4F48 /* AppDelegate.swift in Sources */ = {isa = PBXBuildFile; fileRef = C6497E6422B6751E000D4F48 /* AppDelegate.swift */; };
		C6497E6A22B6751E000D4F48 /* Main.storyboard in Resources */ = {isa = PBXBuildFile; fileRef = C6497E6822B6751E000D4F48 /* Main.storyboard */; };
		C6497E6C22B67520000D4F48 /* Assets.xcassets in Resources */ = {isa = PBXBuildFile; fileRef = C6497E6B22B67520000D4F48 /* Assets.xcassets */; };
		C6497E6F22B67520000D4F48 /* LaunchScreen.storyboard in Resources */ = {isa = PBXBuildFile; fileRef = C6497E6D22B67520000D4F48 /* LaunchScreen.storyboard */; };
		C6497E7A22B67520000D4F48 /* NewsAppTests.swift in Sources */ = {isa = PBXBuildFile; fileRef = C6497E7922B67520000D4F48 /* NewsAppTests.swift */; };
		C6497E9522B675FF000D4F48 /* Shared.framework in Frameworks */ = {isa = PBXBuildFile; fileRef = C6497E8C22B675FF000D4F48 /* Shared.framework */; };
		C6497E9C22B675FF000D4F48 /* SharedTests.swift in Sources */ = {isa = PBXBuildFile; fileRef = C6497E9B22B675FF000D4F48 /* SharedTests.swift */; };
		C6497E9E22B675FF000D4F48 /* Shared.h in Headers */ = {isa = PBXBuildFile; fileRef = C6497E8E22B675FF000D4F48 /* Shared.h */; settings = {ATTRIBUTES = (Public, ); }; };
		C6497EA122B675FF000D4F48 /* Shared.framework in Frameworks */ = {isa = PBXBuildFile; fileRef = C6497E8C22B675FF000D4F48 /* Shared.framework */; };
		C6497EA222B675FF000D4F48 /* Shared.framework in Embed Frameworks */ = {isa = PBXBuildFile; fileRef = C6497E8C22B675FF000D4F48 /* Shared.framework */; settings = {ATTRIBUTES = (CodeSignOnCopy, RemoveHeadersOnCopy, ); }; };
		C6497EB422B6769C000D4F48 /* DataManager.swift in Sources */ = {isa = PBXBuildFile; fileRef = C6497EAE22B6769C000D4F48 /* DataManager.swift */; };
		C6497EB522B6769C000D4F48 /* Networking.swift in Sources */ = {isa = PBXBuildFile; fileRef = C6497EB022B6769C000D4F48 /* Networking.swift */; };
		C6497EB622B6769C000D4F48 /* HttpClient.swift in Sources */ = {isa = PBXBuildFile; fileRef = C6497EB122B6769C000D4F48 /* HttpClient.swift */; };
		C6497EB722B6769C000D4F48 /* Errors.swift in Sources */ = {isa = PBXBuildFile; fileRef = C6497EB222B6769C000D4F48 /* Errors.swift */; };
		C6497EB822B6769C000D4F48 /* EndPoint.swift in Sources */ = {isa = PBXBuildFile; fileRef = C6497EB322B6769C000D4F48 /* EndPoint.swift */; };
		C6497EBB22B67717000D4F48 /* Observable.swift in Sources */ = {isa = PBXBuildFile; fileRef = C6497EBA22B67717000D4F48 /* Observable.swift */; };
		C6497EC122B67880000D4F48 /* Source.swift in Sources */ = {isa = PBXBuildFile; fileRef = C6497EBE22B6787F000D4F48 /* Source.swift */; };
		C6497EC222B67880000D4F48 /* News.swift in Sources */ = {isa = PBXBuildFile; fileRef = C6497EBF22B6787F000D4F48 /* News.swift */; };
		C6497ECC22B679AA000D4F48 /* AppCoordinator.swift in Sources */ = {isa = PBXBuildFile; fileRef = C6497EC622B679AA000D4F48 /* AppCoordinator.swift */; };
		C6497ECD22B679AA000D4F48 /* IntroCoordinator.swift in Sources */ = {isa = PBXBuildFile; fileRef = C6497EC722B679AA000D4F48 /* IntroCoordinator.swift */; };
		C6497ECE22B679AA000D4F48 /* NewsDetailsCoordinator.swift in Sources */ = {isa = PBXBuildFile; fileRef = C6497EC922B679AA000D4F48 /* NewsDetailsCoordinator.swift */; };
		C6497ECF22B679AA000D4F48 /* MainCoordinator.swift in Sources */ = {isa = PBXBuildFile; fileRef = C6497ECA22B679AA000D4F48 /* MainCoordinator.swift */; };
		C6497ED022B679AA000D4F48 /* Coordinator.swift in Sources */ = {isa = PBXBuildFile; fileRef = C6497ECB22B679AA000D4F48 /* Coordinator.swift */; };
		C6497ED222B679CB000D4F48 /* BaseViewController.swift in Sources */ = {isa = PBXBuildFile; fileRef = C6497ED122B679CB000D4F48 /* BaseViewController.swift */; };
		C6497EDD22B679D5000D4F48 /* IntroViewController.swift in Sources */ = {isa = PBXBuildFile; fileRef = C6497ED422B679D5000D4F48 /* IntroViewController.swift */; };
		C6497EDE22B679D5000D4F48 /* SplashViewController.swift in Sources */ = {isa = PBXBuildFile; fileRef = C6497ED522B679D5000D4F48 /* SplashViewController.swift */; };
		C6497EDF22B679D5000D4F48 /* NewsTableViewCell.xib in Resources */ = {isa = PBXBuildFile; fileRef = C6497ED922B679D5000D4F48 /* NewsTableViewCell.xib */; };
		C6497EE022B679D5000D4F48 /* NewsTableViewCell.swift in Sources */ = {isa = PBXBuildFile; fileRef = C6497EDA22B679D5000D4F48 /* NewsTableViewCell.swift */; };
		C6497EE122B679D5000D4F48 /* MainViewController.swift in Sources */ = {isa = PBXBuildFile; fileRef = C6497EDB22B679D5000D4F48 /* MainViewController.swift */; };
		C6497EE222B679D5000D4F48 /* NewsDetailsViewController.swift in Sources */ = {isa = PBXBuildFile; fileRef = C6497EDC22B679D5000D4F48 /* NewsDetailsViewController.swift */; };
		C6497EE522B67A14000D4F48 /* Intro.storyboard in Resources */ = {isa = PBXBuildFile; fileRef = C6497EE422B67A14000D4F48 /* Intro.storyboard */; };
		C6497EEB22B67A4D000D4F48 /* ExpandedView.swift in Sources */ = {isa = PBXBuildFile; fileRef = C6497EE822B67A4D000D4F48 /* ExpandedView.swift */; };
		C6497EEC22B67A4D000D4F48 /* AMButton.swift in Sources */ = {isa = PBXBuildFile; fileRef = C6497EE922B67A4D000D4F48 /* AMButton.swift */; };
		C6497EED22B67A4D000D4F48 /* AMLabel.swift in Sources */ = {isa = PBXBuildFile; fileRef = C6497EEA22B67A4D000D4F48 /* AMLabel.swift */; };
		C6497EF022B67A76000D4F48 /* NewsListViewModel.swift in Sources */ = {isa = PBXBuildFile; fileRef = C6497EEF22B67A75000D4F48 /* NewsListViewModel.swift */; };
		C6497EF422B67B3D000D4F48 /* UILabel+Helpers.swift in Sources */ = {isa = PBXBuildFile; fileRef = C6497EF222B67B3D000D4F48 /* UILabel+Helpers.swift */; };
		C6497EF522B67B3D000D4F48 /* UITableView+Helpers.swift in Sources */ = {isa = PBXBuildFile; fileRef = C6497EF322B67B3D000D4F48 /* UITableView+Helpers.swift */; };
		C6497EF822B67C21000D4F48 /* Localizable.strings in Resources */ = {isa = PBXBuildFile; fileRef = C6497EFA22B67C21000D4F48 /* Localizable.strings */; };
		C6497F0422B67FCB000D4F48 /* Obfuscator.swift in Sources */ = {isa = PBXBuildFile; fileRef = C6497F0322B67FCB000D4F48 /* Obfuscator.swift */; };
		C6497F0622B67FE7000D4F48 /* Constants.swift in Sources */ = {isa = PBXBuildFile; fileRef = C6497F0522B67FE7000D4F48 /* Constants.swift */; };
		C694248F22B684DE002D9158 /* Utilities.swift in Sources */ = {isa = PBXBuildFile; fileRef = C694248E22B684DE002D9158 /* Utilities.swift */; };
		C694249322B68933002D9158 /* NewsServices.swift in Sources */ = {isa = PBXBuildFile; fileRef = C694249122B6892B002D9158 /* NewsServices.swift */; };
		C694249722B68DAF002D9158 /* StoryboardUtil.swift in Sources */ = {isa = PBXBuildFile; fileRef = C694249622B68DAF002D9158 /* StoryboardUtil.swift */; };
		C694249922B6A5B6002D9158 /* UIImageView+Helpers.swift in Sources */ = {isa = PBXBuildFile; fileRef = C694249822B6A5B6002D9158 /* UIImageView+Helpers.swift */; };
		C69424A122B6B45D002D9158 /* NewsViewModel.swift in Sources */ = {isa = PBXBuildFile; fileRef = C69424A022B6B45D002D9158 /* NewsViewModel.swift */; };
		C69424A922B6BD5A002D9158 /* NewsListViewModelSpec.swift in Sources */ = {isa = PBXBuildFile; fileRef = C69424A822B6BD5A002D9158 /* NewsListViewModelSpec.swift */; };
		C6A2104422E2DE8D0084B25C /* LocalizationHelper.swift in Sources */ = {isa = PBXBuildFile; fileRef = C6D9ED7322E265AA00438283 /* LocalizationHelper.swift */; };
		C6A2104522E2DEA80084B25C /* LocalizationHelper.swift in Sources */ = {isa = PBXBuildFile; fileRef = C6D9ED7322E265AA00438283 /* LocalizationHelper.swift */; };
		C6A2104722E2E0CC0084B25C /* UIView+Helper.swift in Sources */ = {isa = PBXBuildFile; fileRef = C6A2104622E2E0CC0084B25C /* UIView+Helper.swift */; };
		C6A2104922E2FC930084B25C /* loading.gif in Resources */ = {isa = PBXBuildFile; fileRef = C6A2104822E2FC930084B25C /* loading.gif */; };
		C6A2104B22E3017A0084B25C /* LocalData.swift in Sources */ = {isa = PBXBuildFile; fileRef = C69424AF22B6C01E002D9158 /* LocalData.swift */; };
		C6A2104D22E301B60084B25C /* topHeadlines.json in Resources */ = {isa = PBXBuildFile; fileRef = C69424A622B6BAD4002D9158 /* topHeadlines.json */; };
		C6D9ED6E22E262FC00438283 /* UIView+Animations.swift in Sources */ = {isa = PBXBuildFile; fileRef = C6D9ED6D22E262FC00438283 /* UIView+Animations.swift */; };
		C6D9ED7122E2648400438283 /* robotoMono_bold.ttf in Resources */ = {isa = PBXBuildFile; fileRef = C6D9ED6F22E2648400438283 /* robotoMono_bold.ttf */; };
		C6D9ED7222E2648400438283 /* robotoMono_regular.ttf in Resources */ = {isa = PBXBuildFile; fileRef = C6D9ED7022E2648400438283 /* robotoMono_regular.ttf */; };
		C6D9ED7622E26D1F00438283 /* freshman.ttf in Resources */ = {isa = PBXBuildFile; fileRef = C6D9ED7522E26D1F00438283 /* freshman.ttf */; };
		C6D9ED7922E2DC9C00438283 /* Theme.swift in Sources */ = {isa = PBXBuildFile; fileRef = C6D9ED7822E2DC9C00438283 /* Theme.swift */; };
		C6D9ED7C22E2DD8B00438283 /* LoadingHelper.swift in Sources */ = {isa = PBXBuildFile; fileRef = C694249A22B6A66D002D9158 /* LoadingHelper.swift */; };
		D47CBAC91FF22D8AE76485AD /* Pods_NewsApp.framework in Frameworks */ = {isa = PBXBuildFile; fileRef = 0A7C3DAD1F9AC4FC7BB008DB /* Pods_NewsApp.framework */; };
/* End PBXBuildFile section */

/* Begin PBXContainerItemProxy section */
		C6497E7622B67520000D4F48 /* PBXContainerItemProxy */ = {
			isa = PBXContainerItemProxy;
			containerPortal = C6497E5922B6751E000D4F48 /* Project object */;
			proxyType = 1;
			remoteGlobalIDString = C6497E6022B6751E000D4F48;
			remoteInfo = NewsApp;
		};
		C6497E9622B675FF000D4F48 /* PBXContainerItemProxy */ = {
			isa = PBXContainerItemProxy;
			containerPortal = C6497E5922B6751E000D4F48 /* Project object */;
			proxyType = 1;
			remoteGlobalIDString = C6497E8B22B675FF000D4F48;
			remoteInfo = Shared;
		};
		C6497E9822B675FF000D4F48 /* PBXContainerItemProxy */ = {
			isa = PBXContainerItemProxy;
			containerPortal = C6497E5922B6751E000D4F48 /* Project object */;
			proxyType = 1;
			remoteGlobalIDString = C6497E6022B6751E000D4F48;
			remoteInfo = NewsApp;
		};
		C6497E9F22B675FF000D4F48 /* PBXContainerItemProxy */ = {
			isa = PBXContainerItemProxy;
			containerPortal = C6497E5922B6751E000D4F48 /* Project object */;
			proxyType = 1;
			remoteGlobalIDString = C6497E8B22B675FF000D4F48;
			remoteInfo = Shared;
		};
/* End PBXContainerItemProxy section */

/* Begin PBXCopyFilesBuildPhase section */
		C6497EA622B675FF000D4F48 /* Embed Frameworks */ = {
			isa = PBXCopyFilesBuildPhase;
			buildActionMask = 2147483647;
			dstPath = "";
			dstSubfolderSpec = 10;
			files = (
				C6497EA222B675FF000D4F48 /* Shared.framework in Embed Frameworks */,
			);
			name = "Embed Frameworks";
			runOnlyForDeploymentPostprocessing = 0;
		};
/* End PBXCopyFilesBuildPhase section */

/* Begin PBXFileReference section */
		0A7C3DAD1F9AC4FC7BB008DB /* Pods_NewsApp.framework */ = {isa = PBXFileReference; explicitFileType = wrapper.framework; includeInIndex = 0; path = Pods_NewsApp.framework; sourceTree = BUILT_PRODUCTS_DIR; };
		39ACB4D3FE523AD31F527BF6 /* Pods-Shared.release.xcconfig */ = {isa = PBXFileReference; includeInIndex = 1; lastKnownFileType = text.xcconfig; name = "Pods-Shared.release.xcconfig"; path = "Target Support Files/Pods-Shared/Pods-Shared.release.xcconfig"; sourceTree = "<group>"; };
		3A69294F4DB5D55C2FDC9CD7 /* Pods-SharedTests.release.xcconfig */ = {isa = PBXFileReference; includeInIndex = 1; lastKnownFileType = text.xcconfig; name = "Pods-SharedTests.release.xcconfig"; path = "Target Support Files/Pods-SharedTests/Pods-SharedTests.release.xcconfig"; sourceTree = "<group>"; };
		3AFC973D85DD9BDE178679B3 /* Pods_Shared.framework */ = {isa = PBXFileReference; explicitFileType = wrapper.framework; includeInIndex = 0; path = Pods_Shared.framework; sourceTree = BUILT_PRODUCTS_DIR; };
		5E971A2ADB165AE685611145 /* Pods-NewsAppTests.debug.xcconfig */ = {isa = PBXFileReference; includeInIndex = 1; lastKnownFileType = text.xcconfig; name = "Pods-NewsAppTests.debug.xcconfig"; path = "Target Support Files/Pods-NewsAppTests/Pods-NewsAppTests.debug.xcconfig"; sourceTree = "<group>"; };
		5F77C22377EAE40B12815757 /* Pods-SharedTests.debug.xcconfig */ = {isa = PBXFileReference; includeInIndex = 1; lastKnownFileType = text.xcconfig; name = "Pods-SharedTests.debug.xcconfig"; path = "Target Support Files/Pods-SharedTests/Pods-SharedTests.debug.xcconfig"; sourceTree = "<group>"; };
		7182653FEAF24369D4EF606D /* Pods_NewsAppTests.framework */ = {isa = PBXFileReference; explicitFileType = wrapper.framework; includeInIndex = 0; path = Pods_NewsAppTests.framework; sourceTree = BUILT_PRODUCTS_DIR; };
		790427FCE07D35B2559E00FE /* Pods-NewsAppTests.release.xcconfig */ = {isa = PBXFileReference; includeInIndex = 1; lastKnownFileType = text.xcconfig; name = "Pods-NewsAppTests.release.xcconfig"; path = "Target Support Files/Pods-NewsAppTests/Pods-NewsAppTests.release.xcconfig"; sourceTree = "<group>"; };
		7E9801FC05AFCF9F2D0E15BB /* Pods-NewsApp.debug.xcconfig */ = {isa = PBXFileReference; includeInIndex = 1; lastKnownFileType = text.xcconfig; name = "Pods-NewsApp.debug.xcconfig"; path = "Target Support Files/Pods-NewsApp/Pods-NewsApp.debug.xcconfig"; sourceTree = "<group>"; };
		8C7B06FB880A9DB6720CAF79 /* Pods_SharedTests.framework */ = {isa = PBXFileReference; explicitFileType = wrapper.framework; includeInIndex = 0; path = Pods_SharedTests.framework; sourceTree = BUILT_PRODUCTS_DIR; };
		BF8CFF6AA66DDF654E3532F6 /* Pods-Shared.debug.xcconfig */ = {isa = PBXFileReference; includeInIndex = 1; lastKnownFileType = text.xcconfig; name = "Pods-Shared.debug.xcconfig"; path = "Target Support Files/Pods-Shared/Pods-Shared.debug.xcconfig"; sourceTree = "<group>"; };
		C6497E6122B6751E000D4F48 /* NewsApp.app */ = {isa = PBXFileReference; explicitFileType = wrapper.application; includeInIndex = 0; path = NewsApp.app; sourceTree = BUILT_PRODUCTS_DIR; };
		C6497E6422B6751E000D4F48 /* AppDelegate.swift */ = {isa = PBXFileReference; lastKnownFileType = sourcecode.swift; path = AppDelegate.swift; sourceTree = "<group>"; };
		C6497E6922B6751E000D4F48 /* Base */ = {isa = PBXFileReference; lastKnownFileType = file.storyboard; name = Base; path = Base.lproj/Main.storyboard; sourceTree = "<group>"; };
		C6497E6B22B67520000D4F48 /* Assets.xcassets */ = {isa = PBXFileReference; lastKnownFileType = folder.assetcatalog; path = Assets.xcassets; sourceTree = "<group>"; };
		C6497E6E22B67520000D4F48 /* Base */ = {isa = PBXFileReference; lastKnownFileType = file.storyboard; name = Base; path = Base.lproj/LaunchScreen.storyboard; sourceTree = "<group>"; };
		C6497E7022B67520000D4F48 /* Info.plist */ = {isa = PBXFileReference; lastKnownFileType = text.plist.xml; path = Info.plist; sourceTree = "<group>"; };
		C6497E7522B67520000D4F48 /* NewsAppTests.xctest */ = {isa = PBXFileReference; explicitFileType = wrapper.cfbundle; includeInIndex = 0; path = NewsAppTests.xctest; sourceTree = BUILT_PRODUCTS_DIR; };
		C6497E7922B67520000D4F48 /* NewsAppTests.swift */ = {isa = PBXFileReference; lastKnownFileType = sourcecode.swift; path = NewsAppTests.swift; sourceTree = "<group>"; };
		C6497E7B22B67520000D4F48 /* Info.plist */ = {isa = PBXFileReference; lastKnownFileType = text.plist.xml; path = Info.plist; sourceTree = "<group>"; };
		C6497E8C22B675FF000D4F48 /* Shared.framework */ = {isa = PBXFileReference; explicitFileType = wrapper.framework; includeInIndex = 0; path = Shared.framework; sourceTree = BUILT_PRODUCTS_DIR; };
		C6497E8E22B675FF000D4F48 /* Shared.h */ = {isa = PBXFileReference; lastKnownFileType = sourcecode.c.h; path = Shared.h; sourceTree = "<group>"; };
		C6497E8F22B675FF000D4F48 /* Info.plist */ = {isa = PBXFileReference; lastKnownFileType = text.plist.xml; path = Info.plist; sourceTree = "<group>"; };
		C6497E9422B675FF000D4F48 /* SharedTests.xctest */ = {isa = PBXFileReference; explicitFileType = wrapper.cfbundle; includeInIndex = 0; path = SharedTests.xctest; sourceTree = BUILT_PRODUCTS_DIR; };
		C6497E9B22B675FF000D4F48 /* SharedTests.swift */ = {isa = PBXFileReference; lastKnownFileType = sourcecode.swift; path = SharedTests.swift; sourceTree = "<group>"; };
		C6497E9D22B675FF000D4F48 /* Info.plist */ = {isa = PBXFileReference; lastKnownFileType = text.plist.xml; path = Info.plist; sourceTree = "<group>"; };
		C6497EAE22B6769C000D4F48 /* DataManager.swift */ = {isa = PBXFileReference; fileEncoding = 4; lastKnownFileType = sourcecode.swift; path = DataManager.swift; sourceTree = "<group>"; };
		C6497EB022B6769C000D4F48 /* Networking.swift */ = {isa = PBXFileReference; fileEncoding = 4; lastKnownFileType = sourcecode.swift; path = Networking.swift; sourceTree = "<group>"; };
		C6497EB122B6769C000D4F48 /* HttpClient.swift */ = {isa = PBXFileReference; fileEncoding = 4; lastKnownFileType = sourcecode.swift; path = HttpClient.swift; sourceTree = "<group>"; };
		C6497EB222B6769C000D4F48 /* Errors.swift */ = {isa = PBXFileReference; fileEncoding = 4; lastKnownFileType = sourcecode.swift; path = Errors.swift; sourceTree = "<group>"; };
		C6497EB322B6769C000D4F48 /* EndPoint.swift */ = {isa = PBXFileReference; fileEncoding = 4; lastKnownFileType = sourcecode.swift; path = EndPoint.swift; sourceTree = "<group>"; };
		C6497EBA22B67717000D4F48 /* Observable.swift */ = {isa = PBXFileReference; fileEncoding = 4; lastKnownFileType = sourcecode.swift; path = Observable.swift; sourceTree = "<group>"; };
		C6497EBE22B6787F000D4F48 /* Source.swift */ = {isa = PBXFileReference; fileEncoding = 4; lastKnownFileType = sourcecode.swift; path = Source.swift; sourceTree = "<group>"; };
		C6497EBF22B6787F000D4F48 /* News.swift */ = {isa = PBXFileReference; fileEncoding = 4; lastKnownFileType = sourcecode.swift; path = News.swift; sourceTree = "<group>"; };
		C6497EC622B679AA000D4F48 /* AppCoordinator.swift */ = {isa = PBXFileReference; fileEncoding = 4; lastKnownFileType = sourcecode.swift; path = AppCoordinator.swift; sourceTree = "<group>"; };
		C6497EC722B679AA000D4F48 /* IntroCoordinator.swift */ = {isa = PBXFileReference; fileEncoding = 4; lastKnownFileType = sourcecode.swift; path = IntroCoordinator.swift; sourceTree = "<group>"; };
		C6497EC922B679AA000D4F48 /* NewsDetailsCoordinator.swift */ = {isa = PBXFileReference; fileEncoding = 4; lastKnownFileType = sourcecode.swift; path = NewsDetailsCoordinator.swift; sourceTree = "<group>"; };
		C6497ECA22B679AA000D4F48 /* MainCoordinator.swift */ = {isa = PBXFileReference; fileEncoding = 4; lastKnownFileType = sourcecode.swift; path = MainCoordinator.swift; sourceTree = "<group>"; };
		C6497ECB22B679AA000D4F48 /* Coordinator.swift */ = {isa = PBXFileReference; fileEncoding = 4; lastKnownFileType = sourcecode.swift; path = Coordinator.swift; sourceTree = "<group>"; };
		C6497ED122B679CB000D4F48 /* BaseViewController.swift */ = {isa = PBXFileReference; fileEncoding = 4; lastKnownFileType = sourcecode.swift; path = BaseViewController.swift; sourceTree = "<group>"; };
		C6497ED422B679D5000D4F48 /* IntroViewController.swift */ = {isa = PBXFileReference; fileEncoding = 4; lastKnownFileType = sourcecode.swift; path = IntroViewController.swift; sourceTree = "<group>"; };
		C6497ED522B679D5000D4F48 /* SplashViewController.swift */ = {isa = PBXFileReference; fileEncoding = 4; lastKnownFileType = sourcecode.swift; path = SplashViewController.swift; sourceTree = "<group>"; };
		C6497ED922B679D5000D4F48 /* NewsTableViewCell.xib */ = {isa = PBXFileReference; fileEncoding = 4; lastKnownFileType = file.xib; path = NewsTableViewCell.xib; sourceTree = "<group>"; };
		C6497EDA22B679D5000D4F48 /* NewsTableViewCell.swift */ = {isa = PBXFileReference; fileEncoding = 4; lastKnownFileType = sourcecode.swift; path = NewsTableViewCell.swift; sourceTree = "<group>"; };
		C6497EDB22B679D5000D4F48 /* MainViewController.swift */ = {isa = PBXFileReference; fileEncoding = 4; lastKnownFileType = sourcecode.swift; path = MainViewController.swift; sourceTree = "<group>"; };
		C6497EDC22B679D5000D4F48 /* NewsDetailsViewController.swift */ = {isa = PBXFileReference; fileEncoding = 4; lastKnownFileType = sourcecode.swift; path = NewsDetailsViewController.swift; sourceTree = "<group>"; };
		C6497EE422B67A14000D4F48 /* Intro.storyboard */ = {isa = PBXFileReference; lastKnownFileType = file.storyboard; path = Intro.storyboard; sourceTree = "<group>"; };
		C6497EE822B67A4D000D4F48 /* ExpandedView.swift */ = {isa = PBXFileReference; fileEncoding = 4; lastKnownFileType = sourcecode.swift; path = ExpandedView.swift; sourceTree = "<group>"; };
		C6497EE922B67A4D000D4F48 /* AMButton.swift */ = {isa = PBXFileReference; fileEncoding = 4; lastKnownFileType = sourcecode.swift; path = AMButton.swift; sourceTree = "<group>"; };
		C6497EEA22B67A4D000D4F48 /* AMLabel.swift */ = {isa = PBXFileReference; fileEncoding = 4; lastKnownFileType = sourcecode.swift; path = AMLabel.swift; sourceTree = "<group>"; };
		C6497EEF22B67A75000D4F48 /* NewsListViewModel.swift */ = {isa = PBXFileReference; fileEncoding = 4; lastKnownFileType = sourcecode.swift; path = NewsListViewModel.swift; sourceTree = "<group>"; };
		C6497EF222B67B3D000D4F48 /* UILabel+Helpers.swift */ = {isa = PBXFileReference; fileEncoding = 4; lastKnownFileType = sourcecode.swift; path = "UILabel+Helpers.swift"; sourceTree = "<group>"; };
		C6497EF322B67B3D000D4F48 /* UITableView+Helpers.swift */ = {isa = PBXFileReference; fileEncoding = 4; lastKnownFileType = sourcecode.swift; path = "UITableView+Helpers.swift"; sourceTree = "<group>"; };
		C6497EF922B67C21000D4F48 /* en */ = {isa = PBXFileReference; lastKnownFileType = text.plist.strings; name = en; path = en.lproj/Localizable.strings; sourceTree = "<group>"; };
		C6497EFB22B67C2F000D4F48 /* ar */ = {isa = PBXFileReference; lastKnownFileType = text.plist.strings; name = ar; path = ar.lproj/Localizable.strings; sourceTree = "<group>"; };
		C6497F0322B67FCB000D4F48 /* Obfuscator.swift */ = {isa = PBXFileReference; fileEncoding = 4; lastKnownFileType = sourcecode.swift; path = Obfuscator.swift; sourceTree = "<group>"; };
		C6497F0522B67FE7000D4F48 /* Constants.swift */ = {isa = PBXFileReference; fileEncoding = 4; lastKnownFileType = sourcecode.swift; path = Constants.swift; sourceTree = "<group>"; };
		C694248E22B684DE002D9158 /* Utilities.swift */ = {isa = PBXFileReference; fileEncoding = 4; lastKnownFileType = sourcecode.swift; path = Utilities.swift; sourceTree = "<group>"; };
		C694249122B6892B002D9158 /* NewsServices.swift */ = {isa = PBXFileReference; fileEncoding = 4; lastKnownFileType = sourcecode.swift; path = NewsServices.swift; sourceTree = "<group>"; };
		C694249622B68DAF002D9158 /* StoryboardUtil.swift */ = {isa = PBXFileReference; fileEncoding = 4; lastKnownFileType = sourcecode.swift; path = StoryboardUtil.swift; sourceTree = "<group>"; };
		C694249822B6A5B6002D9158 /* UIImageView+Helpers.swift */ = {isa = PBXFileReference; lastKnownFileType = sourcecode.swift; path = "UIImageView+Helpers.swift"; sourceTree = "<group>"; };
		C694249A22B6A66D002D9158 /* LoadingHelper.swift */ = {isa = PBXFileReference; lastKnownFileType = sourcecode.swift; path = LoadingHelper.swift; sourceTree = "<group>"; };
		C69424A022B6B45D002D9158 /* NewsViewModel.swift */ = {isa = PBXFileReference; lastKnownFileType = sourcecode.swift; path = NewsViewModel.swift; sourceTree = "<group>"; };
		C69424A622B6BAD4002D9158 /* topHeadlines.json */ = {isa = PBXFileReference; fileEncoding = 4; lastKnownFileType = text.json; path = topHeadlines.json; sourceTree = "<group>"; };
		C69424A822B6BD5A002D9158 /* NewsListViewModelSpec.swift */ = {isa = PBXFileReference; lastKnownFileType = sourcecode.swift; path = NewsListViewModelSpec.swift; sourceTree = "<group>"; };
		C69424AF22B6C01E002D9158 /* LocalData.swift */ = {isa = PBXFileReference; lastKnownFileType = sourcecode.swift; path = LocalData.swift; sourceTree = "<group>"; };
		C6A2104622E2E0CC0084B25C /* UIView+Helper.swift */ = {isa = PBXFileReference; lastKnownFileType = sourcecode.swift; path = "UIView+Helper.swift"; sourceTree = "<group>"; };
		C6A2104822E2FC930084B25C /* loading.gif */ = {isa = PBXFileReference; lastKnownFileType = image.gif; path = loading.gif; sourceTree = "<group>"; };
		C6D9ED6D22E262FC00438283 /* UIView+Animations.swift */ = {isa = PBXFileReference; lastKnownFileType = sourcecode.swift; path = "UIView+Animations.swift"; sourceTree = "<group>"; };
		C6D9ED6F22E2648400438283 /* robotoMono_bold.ttf */ = {isa = PBXFileReference; lastKnownFileType = file; path = robotoMono_bold.ttf; sourceTree = "<group>"; };
		C6D9ED7022E2648400438283 /* robotoMono_regular.ttf */ = {isa = PBXFileReference; lastKnownFileType = file; path = robotoMono_regular.ttf; sourceTree = "<group>"; };
		C6D9ED7322E265AA00438283 /* LocalizationHelper.swift */ = {isa = PBXFileReference; lastKnownFileType = sourcecode.swift; path = LocalizationHelper.swift; sourceTree = "<group>"; };
		C6D9ED7522E26D1F00438283 /* freshman.ttf */ = {isa = PBXFileReference; lastKnownFileType = file; path = freshman.ttf; sourceTree = "<group>"; };
		C6D9ED7822E2DC9C00438283 /* Theme.swift */ = {isa = PBXFileReference; lastKnownFileType = sourcecode.swift; path = Theme.swift; sourceTree = "<group>"; };
		FE3A8A61798CD5BADD7C886A /* Pods-NewsApp.release.xcconfig */ = {isa = PBXFileReference; includeInIndex = 1; lastKnownFileType = text.xcconfig; name = "Pods-NewsApp.release.xcconfig"; path = "Target Support Files/Pods-NewsApp/Pods-NewsApp.release.xcconfig"; sourceTree = "<group>"; };
/* End PBXFileReference section */

/* Begin PBXFrameworksBuildPhase section */
		C6497E5E22B6751E000D4F48 /* Frameworks */ = {
			isa = PBXFrameworksBuildPhase;
			buildActionMask = 2147483647;
			files = (
				C6497EA122B675FF000D4F48 /* Shared.framework in Frameworks */,
				D47CBAC91FF22D8AE76485AD /* Pods_NewsApp.framework in Frameworks */,
			);
			runOnlyForDeploymentPostprocessing = 0;
		};
		C6497E7222B67520000D4F48 /* Frameworks */ = {
			isa = PBXFrameworksBuildPhase;
			buildActionMask = 2147483647;
			files = (
				34DE74812042A3EAD49FF9D5 /* Pods_NewsAppTests.framework in Frameworks */,
			);
			runOnlyForDeploymentPostprocessing = 0;
		};
		C6497E8922B675FF000D4F48 /* Frameworks */ = {
			isa = PBXFrameworksBuildPhase;
			buildActionMask = 2147483647;
			files = (
				B469707ABF01352624414FFF /* Pods_Shared.framework in Frameworks */,
			);
			runOnlyForDeploymentPostprocessing = 0;
		};
		C6497E9122B675FF000D4F48 /* Frameworks */ = {
			isa = PBXFrameworksBuildPhase;
			buildActionMask = 2147483647;
			files = (
				C6497E9522B675FF000D4F48 /* Shared.framework in Frameworks */,
				73B9171F21DEED202A233C10 /* Pods_SharedTests.framework in Frameworks */,
			);
			runOnlyForDeploymentPostprocessing = 0;
		};
/* End PBXFrameworksBuildPhase section */

/* Begin PBXGroup section */
		87F1CC86695557DC797918BC /* Frameworks */ = {
			isa = PBXGroup;
			children = (
				0A7C3DAD1F9AC4FC7BB008DB /* Pods_NewsApp.framework */,
				7182653FEAF24369D4EF606D /* Pods_NewsAppTests.framework */,
				3AFC973D85DD9BDE178679B3 /* Pods_Shared.framework */,
				8C7B06FB880A9DB6720CAF79 /* Pods_SharedTests.framework */,
			);
			name = Frameworks;
			sourceTree = "<group>";
		};
		C6497E5822B6751E000D4F48 = {
			isa = PBXGroup;
			children = (
				C6497E6322B6751E000D4F48 /* NewsApp */,
				C6497E7822B67520000D4F48 /* NewsAppTests */,
				C6497E8D22B675FF000D4F48 /* Shared */,
				C6497E9A22B675FF000D4F48 /* SharedTests */,
				C6497E6222B6751E000D4F48 /* Products */,
				CCC8FDE453D508E56DDDF6C7 /* Pods */,
				87F1CC86695557DC797918BC /* Frameworks */,
			);
			sourceTree = "<group>";
		};
		C6497E6222B6751E000D4F48 /* Products */ = {
			isa = PBXGroup;
			children = (
				C6497E6122B6751E000D4F48 /* NewsApp.app */,
				C6497E7522B67520000D4F48 /* NewsAppTests.xctest */,
				C6497E8C22B675FF000D4F48 /* Shared.framework */,
				C6497E9422B675FF000D4F48 /* SharedTests.xctest */,
			);
			name = Products;
			sourceTree = "<group>";
		};
		C6497E6322B6751E000D4F48 /* NewsApp */ = {
			isa = PBXGroup;
			children = (
				C6497E6422B6751E000D4F48 /* AppDelegate.swift */,
				C6497E8422B675B8000D4F48 /* ViewControllers */,
				C6497E8522B675BF000D4F48 /* Views */,
				C6497E8622B675C8000D4F48 /* Utilities */,
				C6497EC422B679AA000D4F48 /* Coordinators  */,
				C6497EAB22B6762A000D4F48 /* Resources */,
				C6497EAA22B67618000D4F48 /* SupportFiles */,
			);
			path = NewsApp;
			sourceTree = "<group>";
		};
		C6497E7822B67520000D4F48 /* NewsAppTests */ = {
			isa = PBXGroup;
			children = (
				C6497E7922B67520000D4F48 /* NewsAppTests.swift */,
				C6497E7B22B67520000D4F48 /* Info.plist */,
			);
			path = NewsAppTests;
			sourceTree = "<group>";
		};
		C6497E8422B675B8000D4F48 /* ViewControllers */ = {
			isa = PBXGroup;
			children = (
				C6497ED122B679CB000D4F48 /* BaseViewController.swift */,
				C6497ED322B679D5000D4F48 /* Intro */,
				C6497ED622B679D5000D4F48 /* Main */,
			);
			path = ViewControllers;
			sourceTree = "<group>";
		};
		C6497E8522B675BF000D4F48 /* Views */ = {
			isa = PBXGroup;
			children = (
				C6497EE622B67A40000D4F48 /* Storyboards */,
				C6497EE722B67A4D000D4F48 /* CustomViews */,
			);
			path = Views;
			sourceTree = "<group>";
		};
		C6497E8622B675C8000D4F48 /* Utilities */ = {
			isa = PBXGroup;
			children = (
				C6497EF122B67B3D000D4F48 /* Extensions */,
				C694249622B68DAF002D9158 /* StoryboardUtil.swift */,
				C694249A22B6A66D002D9158 /* LoadingHelper.swift */,
			);
			path = Utilities;
			sourceTree = "<group>";
		};
		C6497E8D22B675FF000D4F48 /* Shared */ = {
			isa = PBXGroup;
			children = (
				C6497EEE22B67A75000D4F48 /* ViewModels */,
				C6497EBC22B6786E000D4F48 /* Models */,
				C6497EB922B67717000D4F48 /* Utilities */,
				C6497EAD22B6769C000D4F48 /* Services */,
				C69424A322B6BAAF002D9158 /* Resources */,
				C6497EAC22B6764D000D4F48 /* SupportFiles */,
			);
			path = Shared;
			sourceTree = "<group>";
		};
		C6497E9A22B675FF000D4F48 /* SharedTests */ = {
			isa = PBXGroup;
			children = (
				C69424A422B6BABE002D9158 /* ViewModels */,
				C6497E9B22B675FF000D4F48 /* SharedTests.swift */,
				C6497E9D22B675FF000D4F48 /* Info.plist */,
			);
			path = SharedTests;
			sourceTree = "<group>";
		};
		C6497EAA22B67618000D4F48 /* SupportFiles */ = {
			isa = PBXGroup;
			children = (
				C6497E7022B67520000D4F48 /* Info.plist */,
			);
			path = SupportFiles;
			sourceTree = "<group>";
		};
		C6497EAB22B6762A000D4F48 /* Resources */ = {
			isa = PBXGroup;
			children = (
				C6A2104A22E2FC9E0084B25C /* Assets */,
				C6497EFC22B67C9D000D4F48 /* Fonts */,
				C6497EFA22B67C21000D4F48 /* Localizable.strings */,
				C6A2104822E2FC930084B25C /* loading.gif */,
			);
			path = Resources;
			sourceTree = "<group>";
		};
		C6497EAC22B6764D000D4F48 /* SupportFiles */ = {
			isa = PBXGroup;
			children = (
				C6497E8E22B675FF000D4F48 /* Shared.h */,
				C6497E8F22B675FF000D4F48 /* Info.plist */,
			);
			path = SupportFiles;
			sourceTree = "<group>";
		};
		C6497EAD22B6769C000D4F48 /* Services */ = {
			isa = PBXGroup;
			children = (
				C694249122B6892B002D9158 /* NewsServices.swift */,
			);
			path = Services;
			sourceTree = "<group>";
		};
		C6497EAF22B6769C000D4F48 /* Networking */ = {
			isa = PBXGroup;
			children = (
				C6A2104E22E301EA0084B25C /* Fetchers */,
				C6497EB022B6769C000D4F48 /* Networking.swift */,
				C6497EB122B6769C000D4F48 /* HttpClient.swift */,
				C6497EB222B6769C000D4F48 /* Errors.swift */,
				C6497EB322B6769C000D4F48 /* EndPoint.swift */,
			);
			path = Networking;
			sourceTree = "<group>";
		};
		C6497EB922B67717000D4F48 /* Utilities */ = {
			isa = PBXGroup;
			children = (
				C6D9ED7722E2DC8F00438283 /* Constants */,
				C6497EAF22B6769C000D4F48 /* Networking */,
				C694248E22B684DE002D9158 /* Utilities.swift */,
				C6497F0322B67FCB000D4F48 /* Obfuscator.swift */,
				C6D9ED7322E265AA00438283 /* LocalizationHelper.swift */,
				C6497EBA22B67717000D4F48 /* Observable.swift */,
			);
			path = Utilities;
			sourceTree = "<group>";
		};
		C6497EBC22B6786E000D4F48 /* Models */ = {
			isa = PBXGroup;
			children = (
				C6497EBF22B6787F000D4F48 /* News.swift */,
				C6497EBE22B6787F000D4F48 /* Source.swift */,
			);
			path = Models;
			sourceTree = "<group>";
		};
		C6497EC422B679AA000D4F48 /* Coordinators  */ = {
			isa = PBXGroup;
			children = (
				C6497EC522B679AA000D4F48 /* Intro */,
				C6497EC822B679AA000D4F48 /* Main */,
				C6497ECB22B679AA000D4F48 /* Coordinator.swift */,
			);
			path = "Coordinators ";
			sourceTree = "<group>";
		};
		C6497EC522B679AA000D4F48 /* Intro */ = {
			isa = PBXGroup;
			children = (
				C6497EC622B679AA000D4F48 /* AppCoordinator.swift */,
				C6497EC722B679AA000D4F48 /* IntroCoordinator.swift */,
			);
			path = Intro;
			sourceTree = "<group>";
		};
		C6497EC822B679AA000D4F48 /* Main */ = {
			isa = PBXGroup;
			children = (
				C6497EC922B679AA000D4F48 /* NewsDetailsCoordinator.swift */,
				C6497ECA22B679AA000D4F48 /* MainCoordinator.swift */,
			);
			path = Main;
			sourceTree = "<group>";
		};
		C6497ED322B679D5000D4F48 /* Intro */ = {
			isa = PBXGroup;
			children = (
				C6497ED522B679D5000D4F48 /* SplashViewController.swift */,
				C6497ED422B679D5000D4F48 /* IntroViewController.swift */,
			);
			path = Intro;
			sourceTree = "<group>";
		};
		C6497ED622B679D5000D4F48 /* Main */ = {
			isa = PBXGroup;
			children = (
				C6497ED722B679D5000D4F48 /* TableViewCells */,
				C6497EDB22B679D5000D4F48 /* MainViewController.swift */,
				C6497EDC22B679D5000D4F48 /* NewsDetailsViewController.swift */,
			);
			path = Main;
			sourceTree = "<group>";
		};
		C6497ED722B679D5000D4F48 /* TableViewCells */ = {
			isa = PBXGroup;
			children = (
				C6497ED822B679D5000D4F48 /* NewsTableViewCell */,
			);
			path = TableViewCells;
			sourceTree = "<group>";
		};
		C6497ED822B679D5000D4F48 /* NewsTableViewCell */ = {
			isa = PBXGroup;
			children = (
				C6497ED922B679D5000D4F48 /* NewsTableViewCell.xib */,
				C6497EDA22B679D5000D4F48 /* NewsTableViewCell.swift */,
			);
			path = NewsTableViewCell;
			sourceTree = "<group>";
		};
		C6497EE622B67A40000D4F48 /* Storyboards */ = {
			isa = PBXGroup;
			children = (
				C6497E6D22B67520000D4F48 /* LaunchScreen.storyboard */,
				C6497E6822B6751E000D4F48 /* Main.storyboard */,
				C6497EE422B67A14000D4F48 /* Intro.storyboard */,
			);
			path = Storyboards;
			sourceTree = "<group>";
		};
		C6497EE722B67A4D000D4F48 /* CustomViews */ = {
			isa = PBXGroup;
			children = (
				C6497EE822B67A4D000D4F48 /* ExpandedView.swift */,
				C6497EE922B67A4D000D4F48 /* AMButton.swift */,
				C6497EEA22B67A4D000D4F48 /* AMLabel.swift */,
			);
			path = CustomViews;
			sourceTree = "<group>";
		};
		C6497EEE22B67A75000D4F48 /* ViewModels */ = {
			isa = PBXGroup;
			children = (
				C6497EEF22B67A75000D4F48 /* NewsListViewModel.swift */,
				C69424A022B6B45D002D9158 /* NewsViewModel.swift */,
			);
			path = ViewModels;
			sourceTree = "<group>";
		};
		C6497EF122B67B3D000D4F48 /* Extensions */ = {
			isa = PBXGroup;
			children = (
				C6497EF222B67B3D000D4F48 /* UILabel+Helpers.swift */,
				C6497EF322B67B3D000D4F48 /* UITableView+Helpers.swift */,
				C694249822B6A5B6002D9158 /* UIImageView+Helpers.swift */,
				C6A2104622E2E0CC0084B25C /* UIView+Helper.swift */,
				C6D9ED6D22E262FC00438283 /* UIView+Animations.swift */,
			);
			path = Extensions;
			sourceTree = "<group>";
		};
		C6497EFC22B67C9D000D4F48 /* Fonts */ = {
			isa = PBXGroup;
			children = (
				C6D9ED7522E26D1F00438283 /* freshman.ttf */,
				C6D9ED6F22E2648400438283 /* robotoMono_bold.ttf */,
				C6D9ED7022E2648400438283 /* robotoMono_regular.ttf */,
			);
			path = Fonts;
			sourceTree = "<group>";
		};
		C69424A322B6BAAF002D9158 /* Resources */ = {
			isa = PBXGroup;
			children = (
				C69424A622B6BAD4002D9158 /* topHeadlines.json */,
			);
			path = Resources;
			sourceTree = "<group>";
		};
		C69424A422B6BABE002D9158 /* ViewModels */ = {
			isa = PBXGroup;
			children = (
				C69424A822B6BD5A002D9158 /* NewsListViewModelSpec.swift */,
			);
			path = ViewModels;
			sourceTree = "<group>";
		};
		C6A2104A22E2FC9E0084B25C /* Assets */ = {
			isa = PBXGroup;
			children = (
				C6497E6B22B67520000D4F48 /* Assets.xcassets */,
			);
			path = Assets;
			sourceTree = "<group>";
		};
		C6A2104E22E301EA0084B25C /* Fetchers */ = {
			isa = PBXGroup;
			children = (
				C6497EAE22B6769C000D4F48 /* DataManager.swift */,
				C69424AF22B6C01E002D9158 /* LocalData.swift */,
			);
			path = Fetchers;
			sourceTree = "<group>";
		};
		C6D9ED7722E2DC8F00438283 /* Constants */ = {
			isa = PBXGroup;
			children = (
				C6497F0522B67FE7000D4F48 /* Constants.swift */,
				C6D9ED7822E2DC9C00438283 /* Theme.swift */,
			);
			path = Constants;
			sourceTree = "<group>";
		};
		CCC8FDE453D508E56DDDF6C7 /* Pods */ = {
			isa = PBXGroup;
			children = (
				7E9801FC05AFCF9F2D0E15BB /* Pods-NewsApp.debug.xcconfig */,
				FE3A8A61798CD5BADD7C886A /* Pods-NewsApp.release.xcconfig */,
				5E971A2ADB165AE685611145 /* Pods-NewsAppTests.debug.xcconfig */,
				790427FCE07D35B2559E00FE /* Pods-NewsAppTests.release.xcconfig */,
				BF8CFF6AA66DDF654E3532F6 /* Pods-Shared.debug.xcconfig */,
				39ACB4D3FE523AD31F527BF6 /* Pods-Shared.release.xcconfig */,
				5F77C22377EAE40B12815757 /* Pods-SharedTests.debug.xcconfig */,
				3A69294F4DB5D55C2FDC9CD7 /* Pods-SharedTests.release.xcconfig */,
			);
			path = Pods;
			sourceTree = "<group>";
		};
/* End PBXGroup section */

/* Begin PBXHeadersBuildPhase section */
		C6497E8722B675FF000D4F48 /* Headers */ = {
			isa = PBXHeadersBuildPhase;
			buildActionMask = 2147483647;
			files = (
				C6497E9E22B675FF000D4F48 /* Shared.h in Headers */,
			);
			runOnlyForDeploymentPostprocessing = 0;
		};
/* End PBXHeadersBuildPhase section */

/* Begin PBXNativeTarget section */
		C6497E6022B6751E000D4F48 /* NewsApp */ = {
			isa = PBXNativeTarget;
			buildConfigurationList = C6497E7E22B67520000D4F48 /* Build configuration list for PBXNativeTarget "NewsApp" */;
			buildPhases = (
				701D11D6384C902858C1F33A /* [CP] Check Pods Manifest.lock */,
				C6497E5D22B6751E000D4F48 /* Sources */,
				C6497E5E22B6751E000D4F48 /* Frameworks */,
				C6497E5F22B6751E000D4F48 /* Resources */,
				C6497EA622B675FF000D4F48 /* Embed Frameworks */,
				CFB6C5F41A88AF7340F25232 /* [CP] Embed Pods Frameworks */,
			);
			buildRules = (
			);
			dependencies = (
				C6497EA022B675FF000D4F48 /* PBXTargetDependency */,
			);
			name = NewsApp;
			productName = NewsApp;
			productReference = C6497E6122B6751E000D4F48 /* NewsApp.app */;
			productType = "com.apple.product-type.application";
		};
		C6497E7422B67520000D4F48 /* NewsAppTests */ = {
			isa = PBXNativeTarget;
			buildConfigurationList = C6497E8122B67520000D4F48 /* Build configuration list for PBXNativeTarget "NewsAppTests" */;
			buildPhases = (
				02C88CC7B7A369F15EECCBBD /* [CP] Check Pods Manifest.lock */,
				C6497E7122B67520000D4F48 /* Sources */,
				C6497E7222B67520000D4F48 /* Frameworks */,
				C6497E7322B67520000D4F48 /* Resources */,
				C41565386256F53EA557CDC5 /* [CP] Embed Pods Frameworks */,
			);
			buildRules = (
			);
			dependencies = (
				C6497E7722B67520000D4F48 /* PBXTargetDependency */,
			);
			name = NewsAppTests;
			productName = NewsAppTests;
			productReference = C6497E7522B67520000D4F48 /* NewsAppTests.xctest */;
			productType = "com.apple.product-type.bundle.unit-test";
		};
		C6497E8B22B675FF000D4F48 /* Shared */ = {
			isa = PBXNativeTarget;
			buildConfigurationList = C6497EA322B675FF000D4F48 /* Build configuration list for PBXNativeTarget "Shared" */;
			buildPhases = (
				FB5799DE37E219FA77B7AD68 /* [CP] Check Pods Manifest.lock */,
				C6497E8722B675FF000D4F48 /* Headers */,
				C6497E8822B675FF000D4F48 /* Sources */,
				C6497E8922B675FF000D4F48 /* Frameworks */,
				C6497E8A22B675FF000D4F48 /* Resources */,
			);
			buildRules = (
			);
			dependencies = (
			);
			name = Shared;
			productName = Shared;
			productReference = C6497E8C22B675FF000D4F48 /* Shared.framework */;
			productType = "com.apple.product-type.framework";
		};
		C6497E9322B675FF000D4F48 /* SharedTests */ = {
			isa = PBXNativeTarget;
			buildConfigurationList = C6497EA722B675FF000D4F48 /* Build configuration list for PBXNativeTarget "SharedTests" */;
			buildPhases = (
				02F8FBFF040BDDFABDA4CCBF /* [CP] Check Pods Manifest.lock */,
				C6497E9022B675FF000D4F48 /* Sources */,
				C6497E9122B675FF000D4F48 /* Frameworks */,
				C6497E9222B675FF000D4F48 /* Resources */,
				F006F6FA5B7C3B884EBBC2FA /* [CP] Embed Pods Frameworks */,
			);
			buildRules = (
			);
			dependencies = (
				C6497E9722B675FF000D4F48 /* PBXTargetDependency */,
				C6497E9922B675FF000D4F48 /* PBXTargetDependency */,
			);
			name = SharedTests;
			productName = SharedTests;
			productReference = C6497E9422B675FF000D4F48 /* SharedTests.xctest */;
			productType = "com.apple.product-type.bundle.unit-test";
		};
/* End PBXNativeTarget section */

/* Begin PBXProject section */
		C6497E5922B6751E000D4F48 /* Project object */ = {
			isa = PBXProject;
			attributes = {
				LastSwiftUpdateCheck = 1020;
				LastUpgradeCheck = 1330;
				ORGANIZATIONNAME = abedalkareem;
				TargetAttributes = {
					C6497E6022B6751E000D4F48 = {
						CreatedOnToolsVersion = 10.2.1;
					};
					C6497E7422B67520000D4F48 = {
						CreatedOnToolsVersion = 10.2.1;
						TestTargetID = C6497E6022B6751E000D4F48;
					};
					C6497E8B22B675FF000D4F48 = {
						CreatedOnToolsVersion = 10.2.1;
					};
					C6497E9322B675FF000D4F48 = {
						CreatedOnToolsVersion = 10.2.1;
						TestTargetID = C6497E6022B6751E000D4F48;
					};
				};
			};
			buildConfigurationList = C6497E5C22B6751E000D4F48 /* Build configuration list for PBXProject "NewsApp" */;
			compatibilityVersion = "Xcode 9.3";
			developmentRegion = en;
			hasScannedForEncodings = 0;
			knownRegions = (
				en,
				Base,
				ar,
			);
			mainGroup = C6497E5822B6751E000D4F48;
			productRefGroup = C6497E6222B6751E000D4F48 /* Products */;
			projectDirPath = "";
			projectRoot = "";
			targets = (
				C6497E6022B6751E000D4F48 /* NewsApp */,
				C6497E7422B67520000D4F48 /* NewsAppTests */,
				C6497E8B22B675FF000D4F48 /* Shared */,
				C6497E9322B675FF000D4F48 /* SharedTests */,
			);
		};
/* End PBXProject section */

/* Begin PBXResourcesBuildPhase section */
		C6497E5F22B6751E000D4F48 /* Resources */ = {
			isa = PBXResourcesBuildPhase;
			buildActionMask = 2147483647;
			files = (
				C6497E6F22B67520000D4F48 /* LaunchScreen.storyboard in Resources */,
				C6497EF822B67C21000D4F48 /* Localizable.strings in Resources */,
				C6D9ED7622E26D1F00438283 /* freshman.ttf in Resources */,
				C6497E6C22B67520000D4F48 /* Assets.xcassets in Resources */,
				C6497EDF22B679D5000D4F48 /* NewsTableViewCell.xib in Resources */,
				C6D9ED7222E2648400438283 /* robotoMono_regular.ttf in Resources */,
				C6D9ED7122E2648400438283 /* robotoMono_bold.ttf in Resources */,
				C6A2104922E2FC930084B25C /* loading.gif in Resources */,
				C6497E6A22B6751E000D4F48 /* Main.storyboard in Resources */,
				C6497EE522B67A14000D4F48 /* Intro.storyboard in Resources */,
			);
			runOnlyForDeploymentPostprocessing = 0;
		};
		C6497E7322B67520000D4F48 /* Resources */ = {
			isa = PBXResourcesBuildPhase;
			buildActionMask = 2147483647;
			files = (
			);
			runOnlyForDeploymentPostprocessing = 0;
		};
		C6497E8A22B675FF000D4F48 /* Resources */ = {
			isa = PBXResourcesBuildPhase;
			buildActionMask = 2147483647;
			files = (
				C6A2104D22E301B60084B25C /* topHeadlines.json in Resources */,
			);
			runOnlyForDeploymentPostprocessing = 0;
		};
		C6497E9222B675FF000D4F48 /* Resources */ = {
			isa = PBXResourcesBuildPhase;
			buildActionMask = 2147483647;
			files = (
			);
			runOnlyForDeploymentPostprocessing = 0;
		};
/* End PBXResourcesBuildPhase section */

/* Begin PBXShellScriptBuildPhase section */
		02C88CC7B7A369F15EECCBBD /* [CP] Check Pods Manifest.lock */ = {
			isa = PBXShellScriptBuildPhase;
			buildActionMask = 2147483647;
			files = (
			);
			inputFileListPaths = (
			);
			inputPaths = (
				"${PODS_PODFILE_DIR_PATH}/Podfile.lock",
				"${PODS_ROOT}/Manifest.lock",
			);
			name = "[CP] Check Pods Manifest.lock";
			outputFileListPaths = (
			);
			outputPaths = (
				"$(DERIVED_FILE_DIR)/Pods-NewsAppTests-checkManifestLockResult.txt",
			);
			runOnlyForDeploymentPostprocessing = 0;
			shellPath = /bin/sh;
			shellScript = "diff \"${PODS_PODFILE_DIR_PATH}/Podfile.lock\" \"${PODS_ROOT}/Manifest.lock\" > /dev/null\nif [ $? != 0 ] ; then\n    # print error to STDERR\n    echo \"error: The sandbox is not in sync with the Podfile.lock. Run 'pod install' or update your CocoaPods installation.\" >&2\n    exit 1\nfi\n# This output is used by Xcode 'outputs' to avoid re-running this script phase.\necho \"SUCCESS\" > \"${SCRIPT_OUTPUT_FILE_0}\"\n";
			showEnvVarsInLog = 0;
		};
		02F8FBFF040BDDFABDA4CCBF /* [CP] Check Pods Manifest.lock */ = {
			isa = PBXShellScriptBuildPhase;
			buildActionMask = 2147483647;
			files = (
			);
			inputFileListPaths = (
			);
			inputPaths = (
				"${PODS_PODFILE_DIR_PATH}/Podfile.lock",
				"${PODS_ROOT}/Manifest.lock",
			);
			name = "[CP] Check Pods Manifest.lock";
			outputFileListPaths = (
			);
			outputPaths = (
				"$(DERIVED_FILE_DIR)/Pods-SharedTests-checkManifestLockResult.txt",
			);
			runOnlyForDeploymentPostprocessing = 0;
			shellPath = /bin/sh;
			shellScript = "diff \"${PODS_PODFILE_DIR_PATH}/Podfile.lock\" \"${PODS_ROOT}/Manifest.lock\" > /dev/null\nif [ $? != 0 ] ; then\n    # print error to STDERR\n    echo \"error: The sandbox is not in sync with the Podfile.lock. Run 'pod install' or update your CocoaPods installation.\" >&2\n    exit 1\nfi\n# This output is used by Xcode 'outputs' to avoid re-running this script phase.\necho \"SUCCESS\" > \"${SCRIPT_OUTPUT_FILE_0}\"\n";
			showEnvVarsInLog = 0;
		};
		701D11D6384C902858C1F33A /* [CP] Check Pods Manifest.lock */ = {
			isa = PBXShellScriptBuildPhase;
			buildActionMask = 2147483647;
			files = (
			);
			inputFileListPaths = (
			);
			inputPaths = (
				"${PODS_PODFILE_DIR_PATH}/Podfile.lock",
				"${PODS_ROOT}/Manifest.lock",
			);
			name = "[CP] Check Pods Manifest.lock";
			outputFileListPaths = (
			);
			outputPaths = (
				"$(DERIVED_FILE_DIR)/Pods-NewsApp-checkManifestLockResult.txt",
			);
			runOnlyForDeploymentPostprocessing = 0;
			shellPath = /bin/sh;
			shellScript = "diff \"${PODS_PODFILE_DIR_PATH}/Podfile.lock\" \"${PODS_ROOT}/Manifest.lock\" > /dev/null\nif [ $? != 0 ] ; then\n    # print error to STDERR\n    echo \"error: The sandbox is not in sync with the Podfile.lock. Run 'pod install' or update your CocoaPods installation.\" >&2\n    exit 1\nfi\n# This output is used by Xcode 'outputs' to avoid re-running this script phase.\necho \"SUCCESS\" > \"${SCRIPT_OUTPUT_FILE_0}\"\n";
			showEnvVarsInLog = 0;
		};
		C41565386256F53EA557CDC5 /* [CP] Embed Pods Frameworks */ = {
			isa = PBXShellScriptBuildPhase;
			buildActionMask = 2147483647;
			files = (
			);
			inputFileListPaths = (
				"${PODS_ROOT}/Target Support Files/Pods-NewsAppTests/Pods-NewsAppTests-frameworks-${CONFIGURATION}-input-files.xcfilelist",
			);
			name = "[CP] Embed Pods Frameworks";
			outputFileListPaths = (
				"${PODS_ROOT}/Target Support Files/Pods-NewsAppTests/Pods-NewsAppTests-frameworks-${CONFIGURATION}-output-files.xcfilelist",
			);
			runOnlyForDeploymentPostprocessing = 0;
			shellPath = /bin/sh;
			shellScript = "\"${PODS_ROOT}/Target Support Files/Pods-NewsAppTests/Pods-NewsAppTests-frameworks.sh\"\n";
			showEnvVarsInLog = 0;
		};
		CFB6C5F41A88AF7340F25232 /* [CP] Embed Pods Frameworks */ = {
			isa = PBXShellScriptBuildPhase;
			buildActionMask = 2147483647;
			files = (
			);
			inputFileListPaths = (
				"${PODS_ROOT}/Target Support Files/Pods-NewsApp/Pods-NewsApp-frameworks-${CONFIGURATION}-input-files.xcfilelist",
			);
			name = "[CP] Embed Pods Frameworks";
			outputFileListPaths = (
				"${PODS_ROOT}/Target Support Files/Pods-NewsApp/Pods-NewsApp-frameworks-${CONFIGURATION}-output-files.xcfilelist",
			);
			runOnlyForDeploymentPostprocessing = 0;
			shellPath = /bin/sh;
			shellScript = "\"${PODS_ROOT}/Target Support Files/Pods-NewsApp/Pods-NewsApp-frameworks.sh\"\n";
			showEnvVarsInLog = 0;
		};
		F006F6FA5B7C3B884EBBC2FA /* [CP] Embed Pods Frameworks */ = {
			isa = PBXShellScriptBuildPhase;
			buildActionMask = 2147483647;
			files = (
			);
			inputFileListPaths = (
				"${PODS_ROOT}/Target Support Files/Pods-SharedTests/Pods-SharedTests-frameworks-${CONFIGURATION}-input-files.xcfilelist",
			);
			name = "[CP] Embed Pods Frameworks";
			outputFileListPaths = (
				"${PODS_ROOT}/Target Support Files/Pods-SharedTests/Pods-SharedTests-frameworks-${CONFIGURATION}-output-files.xcfilelist",
			);
			runOnlyForDeploymentPostprocessing = 0;
			shellPath = /bin/sh;
			shellScript = "\"${PODS_ROOT}/Target Support Files/Pods-SharedTests/Pods-SharedTests-frameworks.sh\"\n";
			showEnvVarsInLog = 0;
		};
		FB5799DE37E219FA77B7AD68 /* [CP] Check Pods Manifest.lock */ = {
			isa = PBXShellScriptBuildPhase;
			buildActionMask = 2147483647;
			files = (
			);
			inputFileListPaths = (
			);
			inputPaths = (
				"${PODS_PODFILE_DIR_PATH}/Podfile.lock",
				"${PODS_ROOT}/Manifest.lock",
			);
			name = "[CP] Check Pods Manifest.lock";
			outputFileListPaths = (
			);
			outputPaths = (
				"$(DERIVED_FILE_DIR)/Pods-Shared-checkManifestLockResult.txt",
			);
			runOnlyForDeploymentPostprocessing = 0;
			shellPath = /bin/sh;
			shellScript = "diff \"${PODS_PODFILE_DIR_PATH}/Podfile.lock\" \"${PODS_ROOT}/Manifest.lock\" > /dev/null\nif [ $? != 0 ] ; then\n    # print error to STDERR\n    echo \"error: The sandbox is not in sync with the Podfile.lock. Run 'pod install' or update your CocoaPods installation.\" >&2\n    exit 1\nfi\n# This output is used by Xcode 'outputs' to avoid re-running this script phase.\necho \"SUCCESS\" > \"${SCRIPT_OUTPUT_FILE_0}\"\n";
			showEnvVarsInLog = 0;
		};
/* End PBXShellScriptBuildPhase section */

/* Begin PBXSourcesBuildPhase section */
		C6497E5D22B6751E000D4F48 /* Sources */ = {
			isa = PBXSourcesBuildPhase;
			buildActionMask = 2147483647;
			files = (
				C6A2104522E2DEA80084B25C /* LocalizationHelper.swift in Sources */,
				C6D9ED7C22E2DD8B00438283 /* LoadingHelper.swift in Sources */,
				C694249722B68DAF002D9158 /* StoryboardUtil.swift in Sources */,
				C694249922B6A5B6002D9158 /* UIImageView+Helpers.swift in Sources */,
				C6497EE222B679D5000D4F48 /* NewsDetailsViewController.swift in Sources */,
				C6497EEC22B67A4D000D4F48 /* AMButton.swift in Sources */,
				C6497EED22B67A4D000D4F48 /* AMLabel.swift in Sources */,
				C6497ECC22B679AA000D4F48 /* AppCoordinator.swift in Sources */,
				C6497EE122B679D5000D4F48 /* MainViewController.swift in Sources */,
				C6D9ED6E22E262FC00438283 /* UIView+Animations.swift in Sources */,
				C6497ECF22B679AA000D4F48 /* MainCoordinator.swift in Sources */,
				C6497EF422B67B3D000D4F48 /* UILabel+Helpers.swift in Sources */,
				C6497EE022B679D5000D4F48 /* NewsTableViewCell.swift in Sources */,
				C6A2104722E2E0CC0084B25C /* UIView+Helper.swift in Sources */,
				C6497ECD22B679AA000D4F48 /* IntroCoordinator.swift in Sources */,
				C6497EDE22B679D5000D4F48 /* SplashViewController.swift in Sources */,
				C6497ECE22B679AA000D4F48 /* NewsDetailsCoordinator.swift in Sources */,
				C6497E6522B6751E000D4F48 /* AppDelegate.swift in Sources */,
				C6497EF522B67B3D000D4F48 /* UITableView+Helpers.swift in Sources */,
				C6497ED222B679CB000D4F48 /* BaseViewController.swift in Sources */,
				C6497ED022B679AA000D4F48 /* Coordinator.swift in Sources */,
				C6497EEB22B67A4D000D4F48 /* ExpandedView.swift in Sources */,
				C6497EDD22B679D5000D4F48 /* IntroViewController.swift in Sources */,
			);
			runOnlyForDeploymentPostprocessing = 0;
		};
		C6497E7122B67520000D4F48 /* Sources */ = {
			isa = PBXSourcesBuildPhase;
			buildActionMask = 2147483647;
			files = (
				C6497E7A22B67520000D4F48 /* NewsAppTests.swift in Sources */,
			);
			runOnlyForDeploymentPostprocessing = 0;
		};
		C6497E8822B675FF000D4F48 /* Sources */ = {
			isa = PBXSourcesBuildPhase;
			buildActionMask = 2147483647;
			files = (
				C6497F0422B67FCB000D4F48 /* Obfuscator.swift in Sources */,
				C6497EB722B6769C000D4F48 /* Errors.swift in Sources */,
				C6497EB422B6769C000D4F48 /* DataManager.swift in Sources */,
				C6497EC222B67880000D4F48 /* News.swift in Sources */,
				C694248F22B684DE002D9158 /* Utilities.swift in Sources */,
				C6497EB822B6769C000D4F48 /* EndPoint.swift in Sources */,
				C6497EC122B67880000D4F48 /* Source.swift in Sources */,
				C6497EB622B6769C000D4F48 /* HttpClient.swift in Sources */,
				C6497EF022B67A76000D4F48 /* NewsListViewModel.swift in Sources */,
				C6497EBB22B67717000D4F48 /* Observable.swift in Sources */,
				C6497EB522B6769C000D4F48 /* Networking.swift in Sources */,
				C69424A122B6B45D002D9158 /* NewsViewModel.swift in Sources */,
				C6A2104422E2DE8D0084B25C /* LocalizationHelper.swift in Sources */,
				C6D9ED7922E2DC9C00438283 /* Theme.swift in Sources */,
				C694249322B68933002D9158 /* NewsServices.swift in Sources */,
				C6A2104B22E3017A0084B25C /* LocalData.swift in Sources */,
				C6497F0622B67FE7000D4F48 /* Constants.swift in Sources */,
			);
			runOnlyForDeploymentPostprocessing = 0;
		};
		C6497E9022B675FF000D4F48 /* Sources */ = {
			isa = PBXSourcesBuildPhase;
			buildActionMask = 2147483647;
			files = (
				C69424A922B6BD5A002D9158 /* NewsListViewModelSpec.swift in Sources */,
				C6497E9C22B675FF000D4F48 /* SharedTests.swift in Sources */,
			);
			runOnlyForDeploymentPostprocessing = 0;
		};
/* End PBXSourcesBuildPhase section */

/* Begin PBXTargetDependency section */
		C6497E7722B67520000D4F48 /* PBXTargetDependency */ = {
			isa = PBXTargetDependency;
			target = C6497E6022B6751E000D4F48 /* NewsApp */;
			targetProxy = C6497E7622B67520000D4F48 /* PBXContainerItemProxy */;
		};
		C6497E9722B675FF000D4F48 /* PBXTargetDependency */ = {
			isa = PBXTargetDependency;
			target = C6497E8B22B675FF000D4F48 /* Shared */;
			targetProxy = C6497E9622B675FF000D4F48 /* PBXContainerItemProxy */;
		};
		C6497E9922B675FF000D4F48 /* PBXTargetDependency */ = {
			isa = PBXTargetDependency;
			target = C6497E6022B6751E000D4F48 /* NewsApp */;
			targetProxy = C6497E9822B675FF000D4F48 /* PBXContainerItemProxy */;
		};
		C6497EA022B675FF000D4F48 /* PBXTargetDependency */ = {
			isa = PBXTargetDependency;
			target = C6497E8B22B675FF000D4F48 /* Shared */;
			targetProxy = C6497E9F22B675FF000D4F48 /* PBXContainerItemProxy */;
		};
/* End PBXTargetDependency section */

/* Begin PBXVariantGroup section */
		C6497E6822B6751E000D4F48 /* Main.storyboard */ = {
			isa = PBXVariantGroup;
			children = (
				C6497E6922B6751E000D4F48 /* Base */,
			);
			name = Main.storyboard;
			sourceTree = "<group>";
		};
		C6497E6D22B67520000D4F48 /* LaunchScreen.storyboard */ = {
			isa = PBXVariantGroup;
			children = (
				C6497E6E22B67520000D4F48 /* Base */,
			);
			name = LaunchScreen.storyboard;
			sourceTree = "<group>";
		};
		C6497EFA22B67C21000D4F48 /* Localizable.strings */ = {
			isa = PBXVariantGroup;
			children = (
				C6497EF922B67C21000D4F48 /* en */,
				C6497EFB22B67C2F000D4F48 /* ar */,
			);
			name = Localizable.strings;
			sourceTree = "<group>";
		};
/* End PBXVariantGroup section */

/* Begin XCBuildConfiguration section */
		C6497E7C22B67520000D4F48 /* Debug */ = {
			isa = XCBuildConfiguration;
			buildSettings = {
				ALWAYS_EMBED_SWIFT_STANDARD_LIBRARIES = YES;
				ALWAYS_SEARCH_USER_PATHS = NO;
				CLANG_ANALYZER_LOCALIZABILITY_NONLOCALIZED = YES;
				CLANG_ANALYZER_NONNULL = YES;
				CLANG_ANALYZER_NUMBER_OBJECT_CONVERSION = YES_AGGRESSIVE;
				CLANG_CXX_LANGUAGE_STANDARD = "gnu++14";
				CLANG_CXX_LIBRARY = "libc++";
				CLANG_ENABLE_MODULES = YES;
				CLANG_ENABLE_OBJC_ARC = YES;
				CLANG_ENABLE_OBJC_WEAK = YES;
				CLANG_WARN_BLOCK_CAPTURE_AUTORELEASING = YES;
				CLANG_WARN_BOOL_CONVERSION = YES;
				CLANG_WARN_COMMA = YES;
				CLANG_WARN_CONSTANT_CONVERSION = YES;
				CLANG_WARN_DEPRECATED_OBJC_IMPLEMENTATIONS = YES;
				CLANG_WARN_DIRECT_OBJC_ISA_USAGE = YES_ERROR;
				CLANG_WARN_DOCUMENTATION_COMMENTS = YES;
				CLANG_WARN_EMPTY_BODY = YES;
				CLANG_WARN_ENUM_CONVERSION = YES;
				CLANG_WARN_INFINITE_RECURSION = YES;
				CLANG_WARN_INT_CONVERSION = YES;
				CLANG_WARN_NON_LITERAL_NULL_CONVERSION = YES;
				CLANG_WARN_OBJC_IMPLICIT_RETAIN_SELF = YES;
				CLANG_WARN_OBJC_LITERAL_CONVERSION = YES;
				CLANG_WARN_OBJC_ROOT_CLASS = YES_ERROR;
				CLANG_WARN_QUOTED_INCLUDE_IN_FRAMEWORK_HEADER = YES;
				CLANG_WARN_RANGE_LOOP_ANALYSIS = YES;
				CLANG_WARN_STRICT_PROTOTYPES = YES;
				CLANG_WARN_SUSPICIOUS_MOVE = YES;
				CLANG_WARN_UNGUARDED_AVAILABILITY = YES_AGGRESSIVE;
				CLANG_WARN_UNREACHABLE_CODE = YES;
				CLANG_WARN__DUPLICATE_METHOD_MATCH = YES;
				CODE_SIGN_IDENTITY = "iPhone Developer";
				COPY_PHASE_STRIP = NO;
				DEBUG_INFORMATION_FORMAT = dwarf;
				ENABLE_STRICT_OBJC_MSGSEND = YES;
				ENABLE_TESTABILITY = YES;
				GCC_C_LANGUAGE_STANDARD = gnu11;
				GCC_DYNAMIC_NO_PIC = NO;
				GCC_NO_COMMON_BLOCKS = YES;
				GCC_OPTIMIZATION_LEVEL = 0;
				GCC_PREPROCESSOR_DEFINITIONS = (
					"DEBUG=1",
					"$(inherited)",
				);
				GCC_WARN_64_TO_32_BIT_CONVERSION = YES;
				GCC_WARN_ABOUT_RETURN_TYPE = YES_ERROR;
				GCC_WARN_UNDECLARED_SELECTOR = YES;
				GCC_WARN_UNINITIALIZED_AUTOS = YES_AGGRESSIVE;
				GCC_WARN_UNUSED_FUNCTION = YES;
				GCC_WARN_UNUSED_VARIABLE = YES;
				IPHONEOS_DEPLOYMENT_TARGET = 14;
				MTL_ENABLE_DEBUG_INFO = INCLUDE_SOURCE;
				MTL_FAST_MATH = YES;
				ONLY_ACTIVE_ARCH = YES;
				SDKROOT = iphoneos;
				SWIFT_ACTIVE_COMPILATION_CONDITIONS = DEBUG;
				SWIFT_OPTIMIZATION_LEVEL = "-Onone";
			};
			name = Debug;
		};
		C6497E7D22B67520000D4F48 /* Release */ = {
			isa = XCBuildConfiguration;
			buildSettings = {
				ALWAYS_EMBED_SWIFT_STANDARD_LIBRARIES = YES;
				ALWAYS_SEARCH_USER_PATHS = NO;
				CLANG_ANALYZER_LOCALIZABILITY_NONLOCALIZED = YES;
				CLANG_ANALYZER_NONNULL = YES;
				CLANG_ANALYZER_NUMBER_OBJECT_CONVERSION = YES_AGGRESSIVE;
				CLANG_CXX_LANGUAGE_STANDARD = "gnu++14";
				CLANG_CXX_LIBRARY = "libc++";
				CLANG_ENABLE_MODULES = YES;
				CLANG_ENABLE_OBJC_ARC = YES;
				CLANG_ENABLE_OBJC_WEAK = YES;
				CLANG_WARN_BLOCK_CAPTURE_AUTORELEASING = YES;
				CLANG_WARN_BOOL_CONVERSION = YES;
				CLANG_WARN_COMMA = YES;
				CLANG_WARN_CONSTANT_CONVERSION = YES;
				CLANG_WARN_DEPRECATED_OBJC_IMPLEMENTATIONS = YES;
				CLANG_WARN_DIRECT_OBJC_ISA_USAGE = YES_ERROR;
				CLANG_WARN_DOCUMENTATION_COMMENTS = YES;
				CLANG_WARN_EMPTY_BODY = YES;
				CLANG_WARN_ENUM_CONVERSION = YES;
				CLANG_WARN_INFINITE_RECURSION = YES;
				CLANG_WARN_INT_CONVERSION = YES;
				CLANG_WARN_NON_LITERAL_NULL_CONVERSION = YES;
				CLANG_WARN_OBJC_IMPLICIT_RETAIN_SELF = YES;
				CLANG_WARN_OBJC_LITERAL_CONVERSION = YES;
				CLANG_WARN_OBJC_ROOT_CLASS = YES_ERROR;
				CLANG_WARN_QUOTED_INCLUDE_IN_FRAMEWORK_HEADER = YES;
				CLANG_WARN_RANGE_LOOP_ANALYSIS = YES;
				CLANG_WARN_STRICT_PROTOTYPES = YES;
				CLANG_WARN_SUSPICIOUS_MOVE = YES;
				CLANG_WARN_UNGUARDED_AVAILABILITY = YES_AGGRESSIVE;
				CLANG_WARN_UNREACHABLE_CODE = YES;
				CLANG_WARN__DUPLICATE_METHOD_MATCH = YES;
				CODE_SIGN_IDENTITY = "iPhone Developer";
				COPY_PHASE_STRIP = NO;
				DEBUG_INFORMATION_FORMAT = "dwarf-with-dsym";
				ENABLE_NS_ASSERTIONS = NO;
				ENABLE_STRICT_OBJC_MSGSEND = YES;
				GCC_C_LANGUAGE_STANDARD = gnu11;
				GCC_NO_COMMON_BLOCKS = YES;
				GCC_WARN_64_TO_32_BIT_CONVERSION = YES;
				GCC_WARN_ABOUT_RETURN_TYPE = YES_ERROR;
				GCC_WARN_UNDECLARED_SELECTOR = YES;
				GCC_WARN_UNINITIALIZED_AUTOS = YES_AGGRESSIVE;
				GCC_WARN_UNUSED_FUNCTION = YES;
				GCC_WARN_UNUSED_VARIABLE = YES;
				IPHONEOS_DEPLOYMENT_TARGET = 14;
				MTL_ENABLE_DEBUG_INFO = NO;
				MTL_FAST_MATH = YES;
				SDKROOT = iphoneos;
				SWIFT_COMPILATION_MODE = wholemodule;
				SWIFT_OPTIMIZATION_LEVEL = "-O";
				VALIDATE_PRODUCT = YES;
			};
			name = Release;
		};
		C6497E7F22B67520000D4F48 /* Debug */ = {
			isa = XCBuildConfiguration;
			baseConfigurationReference = 7E9801FC05AFCF9F2D0E15BB /* Pods-NewsApp.debug.xcconfig */;
			buildSettings = {
				ASSETCATALOG_COMPILER_APPICON_NAME = AppIcon;
				CODE_SIGN_STYLE = Automatic;
				DEVELOPMENT_TEAM = H3MRF55H66;
				INFOPLIST_FILE = "$(SRCROOT)/NewsApp/SupportFiles/Info.plist";
				IPHONEOS_DEPLOYMENT_TARGET = 12.0;
				LD_RUNPATH_SEARCH_PATHS = (
					"$(inherited)",
					"@executable_path/Frameworks",
				);
				PRODUCT_BUNDLE_IDENTIFIER = abedalkareem.NewsApp;
				PRODUCT_NAME = "$(TARGET_NAME)";
				SWIFT_VERSION = 5.0;
				TARGETED_DEVICE_FAMILY = "1,2";
			};
			name = Debug;
		};
		C6497E8022B67520000D4F48 /* Release */ = {
			isa = XCBuildConfiguration;
			baseConfigurationReference = FE3A8A61798CD5BADD7C886A /* Pods-NewsApp.release.xcconfig */;
			buildSettings = {
				ASSETCATALOG_COMPILER_APPICON_NAME = AppIcon;
				CODE_SIGN_STYLE = Automatic;
				DEVELOPMENT_TEAM = H3MRF55H66;
				INFOPLIST_FILE = "$(SRCROOT)/NewsApp/SupportFiles/Info.plist";
				IPHONEOS_DEPLOYMENT_TARGET = 12.0;
				LD_RUNPATH_SEARCH_PATHS = (
					"$(inherited)",
					"@executable_path/Frameworks",
				);
				PRODUCT_BUNDLE_IDENTIFIER = abedalkareem.NewsApp;
				PRODUCT_NAME = "$(TARGET_NAME)";
				SWIFT_VERSION = 5.0;
				TARGETED_DEVICE_FAMILY = "1,2";
			};
			name = Release;
		};
		C6497E8222B67520000D4F48 /* Debug */ = {
			isa = XCBuildConfiguration;
			baseConfigurationReference = 5E971A2ADB165AE685611145 /* Pods-NewsAppTests.debug.xcconfig */;
			buildSettings = {
				BUNDLE_LOADER = "$(TEST_HOST)";
				CODE_SIGN_STYLE = Automatic;
				DEVELOPMENT_TEAM = H3MRF55H66;
				INFOPLIST_FILE = NewsAppTests/Info.plist;
				LD_RUNPATH_SEARCH_PATHS = (
					"$(inherited)",
					"@executable_path/Frameworks",
					"@loader_path/Frameworks",
				);
				PRODUCT_BUNDLE_IDENTIFIER = abedalkareem.NewsAppTests;
				PRODUCT_NAME = "$(TARGET_NAME)";
				SWIFT_VERSION = 5.0;
				TARGETED_DEVICE_FAMILY = "1,2";
				TEST_HOST = "$(BUILT_PRODUCTS_DIR)/NewsApp.app/NewsApp";
			};
			name = Debug;
		};
		C6497E8322B67520000D4F48 /* Release */ = {
			isa = XCBuildConfiguration;
			baseConfigurationReference = 790427FCE07D35B2559E00FE /* Pods-NewsAppTests.release.xcconfig */;
			buildSettings = {
				BUNDLE_LOADER = "$(TEST_HOST)";
				CODE_SIGN_STYLE = Automatic;
				DEVELOPMENT_TEAM = H3MRF55H66;
				INFOPLIST_FILE = NewsAppTests/Info.plist;
				LD_RUNPATH_SEARCH_PATHS = (
					"$(inherited)",
					"@executable_path/Frameworks",
					"@loader_path/Frameworks",
				);
				PRODUCT_BUNDLE_IDENTIFIER = abedalkareem.NewsAppTests;
				PRODUCT_NAME = "$(TARGET_NAME)";
				SWIFT_VERSION = 5.0;
				TARGETED_DEVICE_FAMILY = "1,2";
				TEST_HOST = "$(BUILT_PRODUCTS_DIR)/NewsApp.app/NewsApp";
			};
			name = Release;
		};
		C6497EA422B675FF000D4F48 /* Debug */ = {
			isa = XCBuildConfiguration;
			baseConfigurationReference = BF8CFF6AA66DDF654E3532F6 /* Pods-Shared.debug.xcconfig */;
			buildSettings = {
				CODE_SIGN_IDENTITY = "";
				CODE_SIGN_STYLE = Automatic;
				CURRENT_PROJECT_VERSION = 1;
				DEFINES_MODULE = YES;
				DEVELOPMENT_TEAM = H3MRF55H66;
				DYLIB_COMPATIBILITY_VERSION = 1;
				DYLIB_CURRENT_VERSION = 1;
				DYLIB_INSTALL_NAME_BASE = "@rpath";
				INFOPLIST_FILE = "$(SRCROOT)/Shared/SupportFiles/Info.plist";
				INSTALL_PATH = "$(LOCAL_LIBRARY_DIR)/Frameworks";
				IPHONEOS_DEPLOYMENT_TARGET = 12.0;
				LD_RUNPATH_SEARCH_PATHS = (
					"$(inherited)",
					"@executable_path/Frameworks",
					"@loader_path/Frameworks",
				);
				PRODUCT_BUNDLE_IDENTIFIER = abedalkareem.Shared;
				PRODUCT_NAME = "$(TARGET_NAME:c99extidentifier)";
				SKIP_INSTALL = YES;
				SWIFT_VERSION = 5.0;
				TARGETED_DEVICE_FAMILY = "1,2";
				VERSIONING_SYSTEM = "apple-generic";
				VERSION_INFO_PREFIX = "";
			};
			name = Debug;
		};
		C6497EA522B675FF000D4F48 /* Release */ = {
			isa = XCBuildConfiguration;
			baseConfigurationReference = 39ACB4D3FE523AD31F527BF6 /* Pods-Shared.release.xcconfig */;
			buildSettings = {
				CODE_SIGN_IDENTITY = "";
				CODE_SIGN_STYLE = Automatic;
				CURRENT_PROJECT_VERSION = 1;
				DEFINES_MODULE = YES;
				DEVELOPMENT_TEAM = H3MRF55H66;
				DYLIB_COMPATIBILITY_VERSION = 1;
				DYLIB_CURRENT_VERSION = 1;
				DYLIB_INSTALL_NAME_BASE = "@rpath";
				INFOPLIST_FILE = "$(SRCROOT)/Shared/SupportFiles/Info.plist";
				INSTALL_PATH = "$(LOCAL_LIBRARY_DIR)/Frameworks";
				IPHONEOS_DEPLOYMENT_TARGET = 12.0;
				LD_RUNPATH_SEARCH_PATHS = (
					"$(inherited)",
					"@executable_path/Frameworks",
					"@loader_path/Frameworks",
				);
				PRODUCT_BUNDLE_IDENTIFIER = abedalkareem.Shared;
				PRODUCT_NAME = "$(TARGET_NAME:c99extidentifier)";
				SKIP_INSTALL = YES;
				SWIFT_VERSION = 5.0;
				TARGETED_DEVICE_FAMILY = "1,2";
				VERSIONING_SYSTEM = "apple-generic";
				VERSION_INFO_PREFIX = "";
			};
			name = Release;
		};
		C6497EA822B675FF000D4F48 /* Debug */ = {
			isa = XCBuildConfiguration;
			baseConfigurationReference = 5F77C22377EAE40B12815757 /* Pods-SharedTests.debug.xcconfig */;
			buildSettings = {
				CODE_SIGN_STYLE = Automatic;
				DEVELOPMENT_TEAM = H3MRF55H66;
				INFOPLIST_FILE = SharedTests/Info.plist;
				LD_RUNPATH_SEARCH_PATHS = (
					"$(inherited)",
					"@executable_path/Frameworks",
					"@loader_path/Frameworks",
				);
				PRODUCT_BUNDLE_IDENTIFIER = abedalkareem.SharedTests;
				PRODUCT_NAME = "$(TARGET_NAME)";
				SWIFT_VERSION = 5.0;
				TARGETED_DEVICE_FAMILY = "1,2";
				TEST_HOST = "$(BUILT_PRODUCTS_DIR)/NewsApp.app/NewsApp";
			};
			name = Debug;
		};
		C6497EA922B675FF000D4F48 /* Release */ = {
			isa = XCBuildConfiguration;
			baseConfigurationReference = 3A69294F4DB5D55C2FDC9CD7 /* Pods-SharedTests.release.xcconfig */;
			buildSettings = {
				CODE_SIGN_STYLE = Automatic;
				DEVELOPMENT_TEAM = H3MRF55H66;
				INFOPLIST_FILE = SharedTests/Info.plist;
				LD_RUNPATH_SEARCH_PATHS = (
					"$(inherited)",
					"@executable_path/Frameworks",
					"@loader_path/Frameworks",
				);
				PRODUCT_BUNDLE_IDENTIFIER = abedalkareem.SharedTests;
				PRODUCT_NAME = "$(TARGET_NAME)";
				SWIFT_VERSION = 5.0;
				TARGETED_DEVICE_FAMILY = "1,2";
				TEST_HOST = "$(BUILT_PRODUCTS_DIR)/NewsApp.app/NewsApp";
			};
			name = Release;
		};
/* End XCBuildConfiguration section */

/* Begin XCConfigurationList section */
		C6497E5C22B6751E000D4F48 /* Build configuration list for PBXProject "NewsApp" */ = {
			isa = XCConfigurationList;
			buildConfigurations = (
				C6497E7C22B67520000D4F48 /* Debug */,
				C6497E7D22B67520000D4F48 /* Release */,
			);
			defaultConfigurationIsVisible = 0;
			defaultConfigurationName = Release;
		};
		C6497E7E22B67520000D4F48 /* Build configuration list for PBXNativeTarget "NewsApp" */ = {
			isa = XCConfigurationList;
			buildConfigurations = (
				C6497E7F22B67520000D4F48 /* Debug */,
				C6497E8022B67520000D4F48 /* Release */,
			);
			defaultConfigurationIsVisible = 0;
			defaultConfigurationName = Release;
		};
		C6497E8122B67520000D4F48 /* Build configuration list for PBXNativeTarget "NewsAppTests" */ = {
			isa = XCConfigurationList;
			buildConfigurations = (
				C6497E8222B67520000D4F48 /* Debug */,
				C6497E8322B67520000D4F48 /* Release */,
			);
			defaultConfigurationIsVisible = 0;
			defaultConfigurationName = Release;
		};
		C6497EA322B675FF000D4F48 /* Build configuration list for PBXNativeTarget "Shared" */ = {
			isa = XCConfigurationList;
			buildConfigurations = (
				C6497EA422B675FF000D4F48 /* Debug */,
				C6497EA522B675FF000D4F48 /* Release */,
			);
			defaultConfigurationIsVisible = 0;
			defaultConfigurationName = Release;
		};
		C6497EA722B675FF000D4F48 /* Build configuration list for PBXNativeTarget "SharedTests" */ = {
			isa = XCConfigurationList;
			buildConfigurations = (
				C6497EA822B675FF000D4F48 /* Debug */,
				C6497EA922B675FF000D4F48 /* Release */,
			);
			defaultConfigurationIsVisible = 0;
			defaultConfigurationName = Release;
		};
/* End XCConfigurationList section */
	};
	rootObject = C6497E5922B6751E000D4F48 /* Project object */;
}
